
Microsoft Visual Studio Solution File, Format Version 12.00
# Visual Studio Version 17
VisualStudioVersion = 17.0.31919.166
MinimumVisualStudioVersion = 10.0.40219.1
Project("{FAE04EC0-301F-11D3-BF4B-00C04F79EFBC}") = "LINKTOXML", "LINKTOXML\LINKTOXML.csproj", "{F1D34480-C887-44AC-B250-11FC0715E883}"
EndProject
Global
	GlobalSection(SolutionConfigurationPlatforms) = preSolution
		Debug|Any CPU = Debug|Any CPU
		Release|Any CPU = Release|Any CPU
	EndGlobalSection
	GlobalSection(ProjectConfigurationPlatforms) = postSolution
		{F1D34480-C887-44AC-B250-11FC0715E883}.Debug|Any CPU.ActiveCfg = Debug|Any CPU
		{F1D34480-C887-44AC-B250-11FC0715E883}.Debug|Any CPU.Build.0 = Debug|Any CPU
		{F1D34480-C887-44AC-B250-11FC0715E883}.Release|Any CPU.ActiveCfg = Release|Any CPU
		{F1D34480-C887-44AC-B250-11FC0715E883}.Release|Any CPU.Build.0 = Release|Any CPU
	EndGlobalSection
	GlobalSection(SolutionProperties) = preSolution
		HideSolutionNode = FALSE
	EndGlobalSection
	GlobalSection(ExtensibilityGlobals) = postSolution
		SolutionGuid = {B01F69F9-3E7E-43C6-985E-B3EB9F75C25B}
	EndGlobalSection
EndGlobal
