
Microsoft Visual Studio Solution File, Format Version 12.00
# Visual Studio Version 17
VisualStudioVersion = 17.0.31919.166
MinimumVisualStudioVersion = 10.0.40219.1
Project("{FAE04EC0-301F-11D3-BF4B-00C04F79EFBC}") = "WindowsFormsApp2", "WindowsFormsApp2\WindowsFormsApp2.csproj", "{EB77E8B2-A5AB-4462-A46B-7D32F07D367E}"
EndProject
Global
	GlobalSection(SolutionConfigurationPlatforms) = preSolution
		Debug|Any CPU = Debug|Any CPU
		Release|Any CPU = Release|Any CPU
	EndGlobalSection
	GlobalSection(ProjectConfigurationPlatforms) = postSolution
		{EB77E8B2-A5AB-4462-A46B-7D32F07D367E}.Debug|Any CPU.ActiveCfg = Debug|Any CPU
		{EB77E8B2-A5AB-4462-A46B-7D32F07D367E}.Debug|Any CPU.Build.0 = Debug|Any CPU
		{EB77E8B2-A5AB-4462-A46B-7D32F07D367E}.Release|Any CPU.ActiveCfg = Release|Any CPU
		{EB77E8B2-A5AB-4462-A46B-7D32F07D367E}.Release|Any CPU.Build.0 = Release|Any CPU
	EndGlobalSection
	GlobalSection(SolutionProperties) = preSolution
		HideSolutionNode = FALSE
	EndGlobalSection
	GlobalSection(ExtensibilityGlobals) = postSolution
		SolutionGuid = {01248029-7BBE-4646-95A2-E952EC4DD0CC}
	EndGlobalSection
EndGlobal
